<?xml version="1.0" encoding="utf-8"?>
<Project ToolsVersion="4.0" xmlns="http://schemas.microsoft.com/developer/msbuild/2003">
  <ItemGroup>
    <ClCompile Include="main.cpp" />
    <ClCompile Include="library\imgui\imgui.cpp">
      <Filter>library\imgui</Filter>
    </ClCompile>
    <ClCompile Include="library\imgui\imgui_draw.cpp">
      <Filter>library\imgui</Filter>
    </ClCompile>
    <ClCompile Include="library\imgui\imgui_impl_dx11.cpp">
      <Filter>library\imgui</Filter>
    </ClCompile>
    <ClCompile Include="library\imgui\imgui_impl_win32.cpp">
      <Filter>library\imgui</Filter>
    </ClCompile>
    <ClCompile Include="library\imgui\imgui_tables.cpp">
      <Filter>library\imgui</Filter>
    </ClCompile>
    <ClCompile Include="library\imgui\imgui_widgets.cpp">
      <Filter>library\imgui</Filter>
    </ClCompile>
  </ItemGroup>
  <ItemGroup>
    <Filter Include="library">
      <UniqueIdentifier>{87f5359b-2571-436b-8d9f-ca0289aa1aca}</UniqueIdentifier>
    </Filter>
    <Filter Include="engine">
      <UniqueIdentifier>{95b152df-fee0-4be3-ac35-d895f1ced796}</UniqueIdentifier>
    </Filter>
    <Filter Include="client">
      <UniqueIdentifier>{0611e9a4-40c5-448b-8a85-346550a0b9b4}</UniqueIdentifier>
    </Filter>
    <Filter Include="library\data-structure">
      <UniqueIdentifier>{102d24ef-c895-40aa-b7db-0e4d1ec63928}</UniqueIdentifier>
    </Filter>
    <Filter Include="library\window">
      <UniqueIdentifier>{65bbcd71-b2a4-4ddd-86a2-fd0b41a174b9}</UniqueIdentifier>
    </Filter>
    <Filter Include="library\imgui">
      <UniqueIdentifier>{ac767bf2-6bc6-49c9-8999-d7be1978c9f3}</UniqueIdentifier>
    </Filter>
    <Filter Include="library\design-pattern">
      <UniqueIdentifier>{6eb30a4f-c021-4745-9ec4-cbd397009820}</UniqueIdentifier>
    </Filter>
    <Filter Include="library\fmod">
      <UniqueIdentifier>{65d1e0f8-a780-45e1-af00-672640f14070}</UniqueIdentifier>
    </Filter>
    <Filter Include="engine\component">
      <UniqueIdentifier>{54682aa6-e22a-4ddc-a1ec-bf5183b04bca}</UniqueIdentifier>
    </Filter>
    <Filter Include="engine\input">
      <UniqueIdentifier>{21a046ae-447a-47a4-98b4-acbcf1f435e4}</UniqueIdentifier>
    </Filter>
    <Filter Include="engine\graphic">
      <UniqueIdentifier>{11582598-c400-44b0-90d6-5485bce4039a}</UniqueIdentifier>
    </Filter>
    <Filter Include="engine\object">
      <UniqueIdentifier>{900b2a65-d43f-43a6-9c71-0f920a00fd86}</UniqueIdentifier>
    </Filter>
    <Filter Include="engine\editor">
      <UniqueIdentifier>{1d700b3d-4192-4393-bd23-2297958e855d}</UniqueIdentifier>
    </Filter>
    <Filter Include="engine\sound">
      <UniqueIdentifier>{48c6033c-1dd9-4fd9-8176-21ce24d3ca1c}</UniqueIdentifier>
    </Filter>
    <Filter Include="engine\timer">
      <UniqueIdentifier>{5807b558-ec39-4c27-b3c3-d4530113e7ca}</UniqueIdentifier>
    </Filter>
    <Filter Include="engine\component\behavior">
      <UniqueIdentifier>{a47c5401-3007-4940-9775-e4c47b97e0f7}</UniqueIdentifier>
    </Filter>
    <Filter Include="engine\component\transform">
      <UniqueIdentifier>{e2ac37a5-36c8-42df-8e29-92c6724d39c3}</UniqueIdentifier>
    </Filter>
    <Filter Include="engine\component\audio">
      <UniqueIdentifier>{dc2fbf3c-357a-4c4c-99c8-9a896fede049}</UniqueIdentifier>
    </Filter>
    <Filter Include="engine\scene">
      <UniqueIdentifier>{52f1e072-c417-43f7-87de-ee5e3e9fab1c}</UniqueIdentifier>
    </Filter>
    <Filter Include="engine\object\light">
      <UniqueIdentifier>{6acb3e53-3c70-4d94-a91f-d2036b4f1f50}</UniqueIdentifier>
    </Filter>
    <Filter Include="client\component">
      <UniqueIdentifier>{8e7c7265-7ac7-4c54-ab2e-e67d7ab5893d}</UniqueIdentifier>
    </Filter>
    <Filter Include="client\component\behavior">
      <UniqueIdentifier>{2fc0e4d6-74ec-4267-bb68-aab302d4d8e0}</UniqueIdentifier>
    </Filter>
    <Filter Include="engine\component\camrea">
      <UniqueIdentifier>{00c262fb-da79-4ceb-bead-237b33f484fa}</UniqueIdentifier>
    </Filter>
    <Filter Include="engine\component\renderer">
      <UniqueIdentifier>{4b3d1fae-7c3e-4ab3-9364-3797bdfd906a}</UniqueIdentifier>
    </Filter>
    <Filter Include="engine\graphic\shader">
      <UniqueIdentifier>{c831bb4e-1ec1-4eda-ab67-437171ffb27b}</UniqueIdentifier>
    </Filter>
    <Filter Include="engine\graphic\shader\hlsl">
      <UniqueIdentifier>{0d1026a3-08f7-4b47-82ef-6e287f61cb61}</UniqueIdentifier>
    </Filter>
    <Filter Include="engine\graphic\view">
      <UniqueIdentifier>{9cf912ca-c8de-413a-b1b3-79fbf1ec378b}</UniqueIdentifier>
    </Filter>
  </ItemGroup>
  <ItemGroup>
    <ClInclude Include="engine\engine.h">
      <Filter>engine</Filter>
    </ClInclude>
    <ClInclude Include="library\data-structure\hash.h">
      <Filter>library\data-structure</Filter>
    </ClInclude>
    <ClInclude Include="library\data-structure\list.h">
      <Filter>library\data-structure</Filter>
    </ClInclude>
    <ClInclude Include="library\data-structure\map.h">
      <Filter>library\data-structure</Filter>
    </ClInclude>
    <ClInclude Include="library\data-structure\pair.h">
      <Filter>library\data-structure</Filter>
    </ClInclude>
    <ClInclude Include="library\data-structure\predicate.h">
      <Filter>library\data-structure</Filter>
    </ClInclude>
    <ClInclude Include="library\data-structure\unordered_map.h">
      <Filter>library\data-structure</Filter>
    </ClInclude>
    <ClInclude Include="library\data-structure\vector.h">
      <Filter>library\data-structure</Filter>
    </ClInclude>
    <ClInclude Include="library\window\bitmap.h">
      <Filter>library\window</Filter>
    </ClInclude>
    <ClInclude Include="library\window\brush.h">
      <Filter>library\window</Filter>
    </ClInclude>
    <ClInclude Include="library\window\cls.h">
      <Filter>library\window</Filter>
    </ClInclude>
    <ClInclude Include="library\window\cursor.h">
      <Filter>library\window</Filter>
    </ClInclude>
    <ClInclude Include="library\window\device_context.h">
      <Filter>library\window</Filter>
    </ClInclude>
    <ClInclude Include="library\window\icon.h">
      <Filter>library\window</Filter>
    </ClInclude>
    <ClInclude Include="library\window\instance.h">
      <Filter>library\window</Filter>
    </ClInclude>
    <ClInclude Include="library\window\object.h">
      <Filter>library\window</Filter>
    </ClInclude>
    <ClInclude Include="library\window\pen.h">
      <Filter>library\window</Filter>
    </ClInclude>
    <ClInclude Include="library\window\sct.h">
      <Filter>library\window</Filter>
    </ClInclude>
    <ClInclude Include="library\window\window.h">
      <Filter>library\window</Filter>
    </ClInclude>
    <ClInclude Include="library\imgui\imconfig.h">
      <Filter>library\imgui</Filter>
    </ClInclude>
    <ClInclude Include="library\imgui\imgui.h">
      <Filter>library\imgui</Filter>
    </ClInclude>
    <ClInclude Include="library\imgui\imgui_impl_dx11.h">
      <Filter>library\imgui</Filter>
    </ClInclude>
    <ClInclude Include="library\imgui\imgui_impl_win32.h">
      <Filter>library\imgui</Filter>
    </ClInclude>
    <ClInclude Include="library\imgui\imgui_internal.h">
      <Filter>library\imgui</Filter>
    </ClInclude>
    <ClInclude Include="library\imgui\imstb_rectpack.h">
      <Filter>library\imgui</Filter>
    </ClInclude>
    <ClInclude Include="library\imgui\imstb_textedit.h">
      <Filter>library\imgui</Filter>
    </ClInclude>
    <ClInclude Include="library\imgui\imstb_truetype.h">
      <Filter>library\imgui</Filter>
    </ClInclude>
    <ClInclude Include="library\design-pattern\singleton.h">
      <Filter>library\design-pattern</Filter>
    </ClInclude>
    <ClInclude Include="library\fmod\fmod.h">
      <Filter>library\fmod</Filter>
    </ClInclude>
    <ClInclude Include="library\fmod\fmod.hpp">
      <Filter>library\fmod</Filter>
    </ClInclude>
    <ClInclude Include="library\fmod\fmod_codec.h">
      <Filter>library\fmod</Filter>
    </ClInclude>
    <ClInclude Include="library\fmod\fmod_common.h">
      <Filter>library\fmod</Filter>
    </ClInclude>
    <ClInclude Include="library\fmod\fmod_dsp.h">
      <Filter>library\fmod</Filter>
    </ClInclude>
    <ClInclude Include="library\fmod\fmod_dsp_effects.h">
      <Filter>library\fmod</Filter>
    </ClInclude>
    <ClInclude Include="library\fmod\fmod_errors.h">
      <Filter>library\fmod</Filter>
    </ClInclude>
    <ClInclude Include="library\fmod\fmod_output.h">
      <Filter>library\fmod</Filter>
    </ClInclude>
    <ClInclude Include="engine\component_manager.h">
      <Filter>engine\component</Filter>
    </ClInclude>
    <ClInclude Include="engine\component.h">
      <Filter>engine\component</Filter>
    </ClInclude>
    <ClInclude Include="engine\device.h">
      <Filter>engine\input</Filter>
    </ClInclude>
    <ClInclude Include="engine\input.h">
      <Filter>engine\input</Filter>
    </ClInclude>
    <ClInclude Include="engine\keyboard.h">
      <Filter>engine\input</Filter>
    </ClInclude>
    <ClInclude Include="engine\mouse.h">
      <Filter>engine\input</Filter>
    </ClInclude>
    <ClInclude Include="engine\graphic.h">
      <Filter>engine\graphic</Filter>
    </ClInclude>
    <ClInclude Include="engine\object.h">
      <Filter>engine\object</Filter>
    </ClInclude>
    <ClInclude Include="engine\object_manager.h">
      <Filter>engine\object</Filter>
    </ClInclude>
    <ClInclude Include="engine\editor.h">
      <Filter>engine\editor</Filter>
    </ClInclude>
    <ClInclude Include="engine\sound.h">
      <Filter>engine\sound</Filter>
    </ClInclude>
    <ClInclude Include="engine\timer_manager.h">
      <Filter>engine\timer</Filter>
    </ClInclude>
    <ClInclude Include="engine\timer.h">
      <Filter>engine\timer</Filter>
    </ClInclude>
    <ClInclude Include="engine\behavior.h">
      <Filter>engine\component\behavior</Filter>
    </ClInclude>
    <ClInclude Include="engine\outliner.h">
      <Filter>engine\editor</Filter>
    </ClInclude>
    <ClInclude Include="engine\transform.h">
      <Filter>engine\component\transform</Filter>
    </ClInclude>
    <ClInclude Include="client\client.h">
      <Filter>client</Filter>
    </ClInclude>
    <ClInclude Include="client\player.h">
      <Filter>client\component\behavior</Filter>
    </ClInclude>
    <ClInclude Include="engine\camera.h">
      <Filter>engine\component\camrea</Filter>
    </ClInclude>
    <ClInclude Include="engine\shader.h">
      <Filter>engine\graphic\shader</Filter>
    </ClInclude>
    <ClInclude Include="engine\view.h">
      <Filter>engine\graphic\view</Filter>
    </ClInclude>
  </ItemGroup>
  <ItemGroup>
    <None Include="library\fmod\fmod.dll">
      <Filter>library\fmod</Filter>
    </None>
    <None Include="library\fmod\fmodL.dll">
      <Filter>library\fmod</Filter>
    </None>
    <None Include="packages.config" />
  </ItemGroup>
  <ItemGroup>
    <Library Include="library\fmod\fmod_vc.lib">
      <Filter>library\fmod</Filter>
    </Library>
    <Library Include="library\fmod\fmodL_vc.lib">
      <Filter>library\fmod</Filter>
    </Library>
  </ItemGroup>
  <ItemGroup>
    <FxCompile Include="engine\vertex.hlsl">
      <Filter>engine\graphic\shader\hlsl</Filter>
    </FxCompile>
    <FxCompile Include="engine\pixel.hlsl">
      <Filter>engine\graphic\shader\hlsl</Filter>
    </FxCompile>
  </ItemGroup>
</Project>