<?xml version="1.0" encoding="utf-8"?>
<Project ToolsVersion="4.0" xmlns="http://schemas.microsoft.com/developer/msbuild/2003">
  <ItemGroup>
    <ClInclude Include="library\data-structure\thread-local\memory_pool.h">
      <Filter>library\data-structure\thread-local</Filter>
    </ClInclude>
    <ClInclude Include="library\data-structure\intrusive\shared_pointer.h">
      <Filter>library\data-structure\intrusive</Filter>
    </ClInclude>
    <ClInclude Include="library\data-structure\lockfree\queue.h">
      <Filter>library\data-structure\lockfree</Filter>
    </ClInclude>
    <ClInclude Include="library\system-component\socket.h">
      <Filter>library\system-component</Filter>
    </ClInclude>
    <ClInclude Include="library\system-component\interlocked.h">
      <Filter>library\system-component</Filter>
    </ClInclude>
    <ClInclude Include="library\system-component\inputoutput_completion_port.h">
      <Filter>library\system-component</Filter>
    </ClInclude>
    <ClInclude Include="library\data-structure\vector.h">
      <Filter>library\data-structure</Filter>
    </ClInclude>
    <ClInclude Include="library\data-structure\serialize_buffer.h">
      <Filter>library\data-structure</Filter>
    </ClInclude>
    <ClInclude Include="library\system-component\thread.h">
      <Filter>library\system-component</Filter>
    </ClInclude>
    <ClInclude Include="library\system-component\time\multimedia.h">
      <Filter>library\system-component</Filter>
    </ClInclude>
    <ClInclude Include="library\design-pattern\singleton.h">
      <Filter>library\design-pattern</Filter>
    </ClInclude>
    <ClInclude Include="network.h">
      <Filter>network</Filter>
    </ClInclude>
    <ClInclude Include="network.hpp">
      <Filter>network</Filter>
    </ClInclude>
    <ClInclude Include="server.h">
      <Filter>network\server</Filter>
    </ClInclude>
    <ClInclude Include="session.h">
      <Filter>network\server\session</Filter>
    </ClInclude>
    <ClInclude Include="library\system-component\wait_on_address.h">
      <Filter>library\system-component</Filter>
    </ClInclude>
    <ClInclude Include="library\data-structure\priority_queue.h">
      <Filter>library\design-pattern</Filter>
    </ClInclude>
    <ClInclude Include="message.h">
      <Filter>network\server\session</Filter>
    </ClInclude>
    <ClInclude Include="view.h">
      <Filter>network\server\session</Filter>
    </ClInclude>
  </ItemGroup>
  <ItemGroup>
    <Filter Include="library">
      <UniqueIdentifier>{8c6e8632-3d9e-41c5-b6c9-cd64be96942d}</UniqueIdentifier>
    </Filter>
    <Filter Include="library\data-structure">
      <UniqueIdentifier>{8082085a-a3cb-4285-b07f-69a8e58510cb}</UniqueIdentifier>
    </Filter>
    <Filter Include="library\data-structure\thread-local">
      <UniqueIdentifier>{62ef6395-0e58-42b9-86b4-93b5bb87265c}</UniqueIdentifier>
    </Filter>
    <Filter Include="library\data-structure\intrusive">
      <UniqueIdentifier>{50fdd8ca-75d5-433f-984e-31506f685ca0}</UniqueIdentifier>
    </Filter>
    <Filter Include="library\data-structure\lockfree">
      <UniqueIdentifier>{9f187249-ec8e-4f93-9ebb-f72439bbd3d5}</UniqueIdentifier>
    </Filter>
    <Filter Include="library\system-component">
      <UniqueIdentifier>{ce719a60-323c-480b-b45e-3507f5663f4c}</UniqueIdentifier>
    </Filter>
    <Filter Include="network">
      <UniqueIdentifier>{82c191f7-e840-4d5c-ad6f-195bf96bee63}</UniqueIdentifier>
    </Filter>
    <Filter Include="library\design-pattern">
      <UniqueIdentifier>{555f0415-0f9e-4bdd-b632-ba22ab166b3f}</UniqueIdentifier>
    </Filter>
    <Filter Include="network\server">
      <UniqueIdentifier>{579e6933-528f-44ad-9c94-d35f6502ecf8}</UniqueIdentifier>
    </Filter>
    <Filter Include="network\server\session">
      <UniqueIdentifier>{c68c094e-22e6-4270-b2e8-29655fcadaea}</UniqueIdentifier>
    </Filter>
    <Filter Include="network\scheduler">
      <UniqueIdentifier>{40b2222b-36ea-4caa-a64b-9d3cf9e5d58e}</UniqueIdentifier>
    </Filter>
  </ItemGroup>
  <ItemGroup>
    <ClCompile Include="main.cpp" />
  </ItemGroup>
</Project>