<?xml version="1.0" encoding="utf-8"?>
<Project ToolsVersion="4.0" xmlns="http://schemas.microsoft.com/developer/msbuild/2003">
  <ItemGroup>
    <ClCompile Include="main.cpp" />
  </ItemGroup>
  <ItemGroup>
    <ClInclude Include="server.h" />
    <ClInclude Include="library\system-component\network\window_socket_api.h">
      <Filter>library\system-component\network</Filter>
    </ClInclude>
    <ClInclude Include="library\system-component\kernel\object.h">
      <Filter>library\system-component\kernel</Filter>
    </ClInclude>
    <ClInclude Include="library\system-component\input_output\completion_port.h">
      <Filter>library\system-component\input_output</Filter>
    </ClInclude>
    <ClInclude Include="library\system-component\network\socket.h">
      <Filter>library\system-component\network</Filter>
    </ClInclude>
    <ClInclude Include="library\system-component\input_output\overlapped.h">
      <Filter>library\system-component\input_output</Filter>
    </ClInclude>
    <ClInclude Include="library\system-component\network\socket_address.h">
      <Filter>library\system-component\network</Filter>
    </ClInclude>
    <ClInclude Include="library\data-strucutre\pair.h">
      <Filter>library\data-strucutre</Filter>
    </ClInclude>
    <ClInclude Include="library\system-component\multi\thread.h">
      <Filter>library\system-component\multi</Filter>
    </ClInclude>
    <ClInclude Include="library\data-strucutre\vector.h">
      <Filter>library\data-strucutre</Filter>
    </ClInclude>
    <ClInclude Include="library\design-pattern\thread-local\singleton.h">
      <Filter>library\design-pattern\thread-local</Filter>
    </ClInclude>
    <ClInclude Include="library\data-strucutre\serialize_buffer.h">
      <Filter>library\data-strucutre</Filter>
    </ClInclude>
    <ClInclude Include="library\data-strucutre\lockfree\queue.h">
      <Filter>library\data-strucutre\lockfree</Filter>
    </ClInclude>
    <ClInclude Include="library\data-strucutre\intrusive\shared_pointer.h">
      <Filter>library\data-strucutre\intrusive</Filter>
    </ClInclude>
    <ClInclude Include="library\data-strucutre\thread-local\memory_pool.h">
      <Filter>library\data-strucutre\thread-local</Filter>
    </ClInclude>
    <ClInclude Include="library\design-pattern\singleton.h">
      <Filter>library\design-pattern</Filter>
    </ClInclude>
    <ClInclude Include="library\data-strucutre\unordered_map.h">
      <Filter>library\data-strucutre</Filter>
    </ClInclude>
    <ClInclude Include="library\data-strucutre\hash.h">
      <Filter>library\data-strucutre</Filter>
    </ClInclude>
    <ClInclude Include="library\data-strucutre\list.h">
      <Filter>library\data-strucutre</Filter>
    </ClInclude>
    <ClInclude Include="library\data-strucutre\memory_pool.h">
      <Filter>library\data-strucutre</Filter>
    </ClInclude>
    <ClInclude Include="library\system-component\file.h">
      <Filter>library\system-component</Filter>
    </ClInclude>
    <ClInclude Include="library\utility\parser.h">
      <Filter>library\utility</Filter>
    </ClInclude>
    <ClInclude Include="library\data-strucutre\lockfree\memory_pool.h">
      <Filter>library\data-strucutre\lockfree</Filter>
    </ClInclude>
    <ClInclude Include="library\utility\performance_monitor.h">
      <Filter>library\utility</Filter>
    </ClInclude>
    <ClInclude Include="library\data-strucutre\unique_pointer.h">
      <Filter>library\data-strucutre</Filter>
    </ClInclude>
    <ClInclude Include="library\utility\crash_dump.h">
      <Filter>library\utility</Filter>
    </ClInclude>
  </ItemGroup>
  <ItemGroup>
    <Filter Include="library">
      <UniqueIdentifier>{90c14f38-3947-4a7c-86d2-3eeb65821177}</UniqueIdentifier>
    </Filter>
    <Filter Include="library\system-component">
      <UniqueIdentifier>{bf0e1dbf-00e5-4cc9-b669-0482046b407a}</UniqueIdentifier>
    </Filter>
    <Filter Include="library\system-component\network">
      <UniqueIdentifier>{a14d8ebf-c2f4-4dd6-839f-befead5a08b7}</UniqueIdentifier>
    </Filter>
    <Filter Include="library\system-component\multi">
      <UniqueIdentifier>{9d212570-778d-419a-8c92-e4f754f80371}</UniqueIdentifier>
    </Filter>
    <Filter Include="library\system-component\kernel">
      <UniqueIdentifier>{295bfe1c-3bc3-4eee-8c05-9ba5385337fa}</UniqueIdentifier>
    </Filter>
    <Filter Include="library\system-component\input_output">
      <UniqueIdentifier>{602c4aea-b12f-489c-a7ce-475b7f8a17cf}</UniqueIdentifier>
    </Filter>
    <Filter Include="library\data-strucutre">
      <UniqueIdentifier>{79f51720-c29c-450a-805f-b8545c0609a1}</UniqueIdentifier>
    </Filter>
    <Filter Include="library\data-strucutre\thread-local">
      <UniqueIdentifier>{0401ff85-e7f6-4d35-8705-f3686c0f17c4}</UniqueIdentifier>
    </Filter>
    <Filter Include="library\data-strucutre\lockfree">
      <UniqueIdentifier>{8286a71f-8619-4555-a858-cc4c2a45c104}</UniqueIdentifier>
    </Filter>
    <Filter Include="library\design-pattern">
      <UniqueIdentifier>{a62cd51f-ab8c-46b9-9a7a-eeff412dbb1d}</UniqueIdentifier>
    </Filter>
    <Filter Include="library\design-pattern\thread-local">
      <UniqueIdentifier>{a366f2e2-980b-4b78-884b-3b067fc1d0fc}</UniqueIdentifier>
    </Filter>
    <Filter Include="library\data-strucutre\intrusive">
      <UniqueIdentifier>{e9ac73de-010a-4402-a086-5dfa08238bae}</UniqueIdentifier>
    </Filter>
    <Filter Include="library\utility">
      <UniqueIdentifier>{5af8e7e7-d5ae-4ed0-8ca7-52e16751cae6}</UniqueIdentifier>
    </Filter>
  </ItemGroup>
</Project>