<?xml version="1.0" encoding="utf-8"?>
<Project ToolsVersion="4.0" xmlns="http://schemas.microsoft.com/developer/msbuild/2003">
  <ItemGroup>
    <ClCompile Include="main.cpp" />
    <ClCompile Include="library\database\include\openssl\applink.c">
      <Filter>library\database\include\openssl</Filter>
    </ClCompile>
  </ItemGroup>
  <ItemGroup>
    <ClInclude Include="server.h" />
    <ClInclude Include="library\system-component\network\window_socket_api.h">
      <Filter>library\system-component\network</Filter>
    </ClInclude>
    <ClInclude Include="library\system-component\network\socket.h">
      <Filter>library\system-component\network</Filter>
    </ClInclude>
    <ClInclude Include="library\system-component\input_output\overlapped.h">
      <Filter>library\system-component\input_output</Filter>
    </ClInclude>
    <ClInclude Include="library\system-component\network\socket_address.h">
      <Filter>library\system-component\network</Filter>
    </ClInclude>
    <ClInclude Include="library\data-strucutre\pair.h">
      <Filter>library\data-strucutre</Filter>
    </ClInclude>
    <ClInclude Include="library\data-strucutre\vector.h">
      <Filter>library\data-strucutre</Filter>
    </ClInclude>
    <ClInclude Include="library\design-pattern\thread-local\singleton.h">
      <Filter>library\design-pattern\thread-local</Filter>
    </ClInclude>
    <ClInclude Include="library\data-strucutre\serialize_buffer.h">
      <Filter>library\data-strucutre</Filter>
    </ClInclude>
    <ClInclude Include="library\data-strucutre\lockfree\queue.h">
      <Filter>library\data-strucutre\lockfree</Filter>
    </ClInclude>
    <ClInclude Include="library\data-strucutre\intrusive\shared_pointer.h">
      <Filter>library\data-strucutre\intrusive</Filter>
    </ClInclude>
    <ClInclude Include="library\data-strucutre\thread-local\memory_pool.h">
      <Filter>library\data-strucutre\thread-local</Filter>
    </ClInclude>
    <ClInclude Include="library\design-pattern\singleton.h">
      <Filter>library\design-pattern</Filter>
    </ClInclude>
    <ClInclude Include="library\system-component\file.h">
      <Filter>library\system-component</Filter>
    </ClInclude>
    <ClInclude Include="library\utility\parser.h">
      <Filter>library\utility</Filter>
    </ClInclude>
    <ClInclude Include="library\data-strucutre\lockfree\memory_pool.h">
      <Filter>library\data-strucutre\lockfree</Filter>
    </ClInclude>
    <ClInclude Include="library\utility\performance_data_helper.h">
      <Filter>library\utility</Filter>
    </ClInclude>
    <ClInclude Include="library\data-strucutre\unique_pointer.h">
      <Filter>library\data-strucutre</Filter>
    </ClInclude>
    <ClInclude Include="library\utility\crash_dump.h">
      <Filter>library\utility</Filter>
    </ClInclude>
    <ClInclude Include="library\data-strucutre\priority_queue.h">
      <Filter>library\data-strucutre</Filter>
    </ClInclude>
    <ClInclude Include="library\utility\command.h">
      <Filter>library\utility</Filter>
    </ClInclude>
    <ClInclude Include="library\system-component\multi\wait_on_address.h">
      <Filter>library\system-component\multi</Filter>
    </ClInclude>
    <ClInclude Include="library\utility\logger.h">
      <Filter>library\utility</Filter>
    </ClInclude>
    <ClInclude Include="library\system-component\multi\lock\critical_section.h">
      <Filter>library\system-component\multi\lock</Filter>
    </ClInclude>
    <ClInclude Include="library\system-component\time\date.h">
      <Filter>library\system-component\time</Filter>
    </ClInclude>
    <ClInclude Include="library\system-component\time\unix.h">
      <Filter>library\system-component\time</Filter>
    </ClInclude>
    <ClInclude Include="library\system-component\thread.h">
      <Filter>library\system-component</Filter>
    </ClInclude>
    <ClInclude Include="library\system-component\handle.h">
      <Filter>library\system-component</Filter>
    </ClInclude>
    <ClInclude Include="library\system-component\time\multimedia.h">
      <Filter>library\system-component\time</Filter>
    </ClInclude>
    <ClInclude Include="library\algorithm\predicate.h">
      <Filter>library\algorithm</Filter>
    </ClInclude>
    <ClInclude Include="library\database\mysql.h">
      <Filter>library\database</Filter>
    </ClInclude>
    <ClInclude Include="library\database\redis.h">
      <Filter>library\database</Filter>
    </ClInclude>
    <ClInclude Include="library\database\include\errmsg.h">
      <Filter>library\database\include</Filter>
    </ClInclude>
    <ClInclude Include="library\database\include\field_types.h">
      <Filter>library\database\include</Filter>
    </ClInclude>
    <ClInclude Include="library\database\include\my_command.h">
      <Filter>library\database\include</Filter>
    </ClInclude>
    <ClInclude Include="library\database\include\my_compress.h">
      <Filter>library\database\include</Filter>
    </ClInclude>
    <ClInclude Include="library\database\include\my_list.h">
      <Filter>library\database\include</Filter>
    </ClInclude>
    <ClInclude Include="library\database\include\mysql.h">
      <Filter>library\database\include</Filter>
    </ClInclude>
    <ClInclude Include="library\database\include\mysql_com.h">
      <Filter>library\database\include</Filter>
    </ClInclude>
    <ClInclude Include="library\database\include\mysql_time.h">
      <Filter>library\database\include</Filter>
    </ClInclude>
    <ClInclude Include="library\database\include\mysql_version.h">
      <Filter>library\database\include</Filter>
    </ClInclude>
    <ClInclude Include="library\database\include\mysqld_error.h">
      <Filter>library\database\include</Filter>
    </ClInclude>
    <ClInclude Include="library\database\include\mysqlx_ername.h">
      <Filter>library\database\include</Filter>
    </ClInclude>
    <ClInclude Include="library\database\include\mysqlx_error.h">
      <Filter>library\database\include</Filter>
    </ClInclude>
    <ClInclude Include="library\database\include\mysqlx_version.h">
      <Filter>library\database\include</Filter>
    </ClInclude>
    <ClInclude Include="library\database\include\mysql\client_plugin.h">
      <Filter>library\database\include\mysql</Filter>
    </ClInclude>
    <ClInclude Include="library\database\include\mysql\plugin_auth_common.h">
      <Filter>library\database\include\mysql</Filter>
    </ClInclude>
    <ClInclude Include="library\database\include\mysql\udf_registration_types.h">
      <Filter>library\database\include\mysql</Filter>
    </ClInclude>
    <ClInclude Include="library\system-component\input-output\completion_port.h">
      <Filter>library\system-component\input_output</Filter>
    </ClInclude>
  </ItemGroup>
  <ItemGroup>
    <Filter Include="library">
      <UniqueIdentifier>{90c14f38-3947-4a7c-86d2-3eeb65821177}</UniqueIdentifier>
    </Filter>
    <Filter Include="library\system-component">
      <UniqueIdentifier>{bf0e1dbf-00e5-4cc9-b669-0482046b407a}</UniqueIdentifier>
    </Filter>
    <Filter Include="library\system-component\network">
      <UniqueIdentifier>{a14d8ebf-c2f4-4dd6-839f-befead5a08b7}</UniqueIdentifier>
    </Filter>
    <Filter Include="library\system-component\multi">
      <UniqueIdentifier>{9d212570-778d-419a-8c92-e4f754f80371}</UniqueIdentifier>
    </Filter>
    <Filter Include="library\system-component\input_output">
      <UniqueIdentifier>{602c4aea-b12f-489c-a7ce-475b7f8a17cf}</UniqueIdentifier>
    </Filter>
    <Filter Include="library\data-strucutre">
      <UniqueIdentifier>{79f51720-c29c-450a-805f-b8545c0609a1}</UniqueIdentifier>
    </Filter>
    <Filter Include="library\data-strucutre\thread-local">
      <UniqueIdentifier>{0401ff85-e7f6-4d35-8705-f3686c0f17c4}</UniqueIdentifier>
    </Filter>
    <Filter Include="library\data-strucutre\lockfree">
      <UniqueIdentifier>{8286a71f-8619-4555-a858-cc4c2a45c104}</UniqueIdentifier>
    </Filter>
    <Filter Include="library\design-pattern">
      <UniqueIdentifier>{a62cd51f-ab8c-46b9-9a7a-eeff412dbb1d}</UniqueIdentifier>
    </Filter>
    <Filter Include="library\design-pattern\thread-local">
      <UniqueIdentifier>{a366f2e2-980b-4b78-884b-3b067fc1d0fc}</UniqueIdentifier>
    </Filter>
    <Filter Include="library\data-strucutre\intrusive">
      <UniqueIdentifier>{e9ac73de-010a-4402-a086-5dfa08238bae}</UniqueIdentifier>
    </Filter>
    <Filter Include="library\utility">
      <UniqueIdentifier>{5af8e7e7-d5ae-4ed0-8ca7-52e16751cae6}</UniqueIdentifier>
    </Filter>
    <Filter Include="library\system-component\multi\lock">
      <UniqueIdentifier>{305beaca-5201-46f7-9195-2ef979d7cdc0}</UniqueIdentifier>
    </Filter>
    <Filter Include="library\system-component\time">
      <UniqueIdentifier>{cf8c7b21-5ce0-4459-8e26-7ac95ff5384a}</UniqueIdentifier>
    </Filter>
    <Filter Include="library\algorithm">
      <UniqueIdentifier>{e130d040-e493-4eed-bf74-09f8b530e426}</UniqueIdentifier>
    </Filter>
    <Filter Include="library\database">
      <UniqueIdentifier>{d448e080-80de-4185-b686-c273fe2d740b}</UniqueIdentifier>
    </Filter>
    <Filter Include="library\database\library">
      <UniqueIdentifier>{31170b4b-ef09-4f7d-99bc-68f975de4eaf}</UniqueIdentifier>
    </Filter>
    <Filter Include="library\database\include">
      <UniqueIdentifier>{8315c854-b351-4506-8582-33b54a607c2d}</UniqueIdentifier>
    </Filter>
    <Filter Include="library\database\include\mysql">
      <UniqueIdentifier>{912bc230-021b-4610-a405-512ca600e7cb}</UniqueIdentifier>
    </Filter>
    <Filter Include="library\database\include\openssl">
      <UniqueIdentifier>{f2592dc6-3242-4a96-a971-5652146afa66}</UniqueIdentifier>
    </Filter>
    <Filter Include="library\database\cpp_redis">
      <UniqueIdentifier>{323b99d2-4f89-4aa7-bf6b-83ef6416884d}</UniqueIdentifier>
    </Filter>
    <Filter Include="library\database\tacopie">
      <UniqueIdentifier>{f70ac76c-65e5-4a3e-938a-65a11d19565f}</UniqueIdentifier>
    </Filter>
  </ItemGroup>
  <ItemGroup>
    <Library Include="library\database\library\libmysql.lib">
      <Filter>library\database\library</Filter>
    </Library>
  </ItemGroup>
</Project>