<?xml version="1.0" encoding="utf-8"?>
<Project ToolsVersion="4.0" xmlns="http://schemas.microsoft.com/developer/msbuild/2003">
  <ItemGroup>
    <ClCompile Include="main.cpp" />
  </ItemGroup>
  <ItemGroup>
    <Filter Include="library">
      <UniqueIdentifier>{7f4485f6-74eb-4733-82f2-79652606f47a}</UniqueIdentifier>
    </Filter>
    <Filter Include="library\system-component">
      <UniqueIdentifier>{22d6dc4a-2071-4d19-82f7-adf3c7edd0b0}</UniqueIdentifier>
    </Filter>
    <Filter Include="library\data-structure">
      <UniqueIdentifier>{f090f320-b103-4a4c-b312-e03bae5a867e}</UniqueIdentifier>
    </Filter>
  </ItemGroup>
  <ItemGroup>
    <ClInclude Include="network_client.h" />
    <ClInclude Include="my_network_client.h" />
    <ClInclude Include="library\system-component\socket.h">
      <Filter>library\system-component</Filter>
    </ClInclude>
    <ClInclude Include="library\system-component\socket_address.h">
      <Filter>library\system-component</Filter>
    </ClInclude>
    <ClInclude Include="library\system-component\overlapped.h">
      <Filter>library\system-component</Filter>
    </ClInclude>
    <ClInclude Include="library\data-strcuture\헤더.h">
      <Filter>library\data-structure</Filter>
    </ClInclude>
  </ItemGroup>
</Project>